
Microsoft Visual Studio Solution File, Format Version 12.00
# Visual Studio Version 17
VisualStudioVersion = 17.1.32328.378
MinimumVisualStudioVersion = 10.0.40219.1
Project("{9A19103F-16F7-4668-BE54-9A1E7A4F7556}") = "Lanitlesson02", "Lanitlesson02\Lanitlesson02.csproj", "{8BFCD198-AE17-4EB4-85F5-11AA3BAC9670}"
EndProject
Project("{FAE04EC0-301F-11D3-BF4B-00C04F79EFBC}") = "TestProject1", "TestProject1\TestProject1.csproj", "{2D43BE20-8EF1-4D2E-83CB-68AFEDDA2ADF}"
EndProject
Global
	GlobalSection(SolutionConfigurationPlatforms) = preSolution
		Debug|Any CPU = Debug|Any CPU
		Release|Any CPU = Release|Any CPU
	EndGlobalSection
	GlobalSection(ProjectConfigurationPlatforms) = postSolution
		{8BFCD198-AE17-4EB4-85F5-11AA3BAC9670}.Debug|Any CPU.ActiveCfg = Debug|Any CPU
		{8BFCD198-AE17-4EB4-85F5-11AA3BAC9670}.Debug|Any CPU.Build.0 = Debug|Any CPU
		{8BFCD198-AE17-4EB4-85F5-11AA3BAC9670}.Release|Any CPU.ActiveCfg = Release|Any CPU
		{8BFCD198-AE17-4EB4-85F5-11AA3BAC9670}.Release|Any CPU.Build.0 = Release|Any CPU
		{2D43BE20-8EF1-4D2E-83CB-68AFEDDA2ADF}.Debug|Any CPU.ActiveCfg = Debug|Any CPU
		{2D43BE20-8EF1-4D2E-83CB-68AFEDDA2ADF}.Debug|Any CPU.Build.0 = Debug|Any CPU
		{2D43BE20-8EF1-4D2E-83CB-68AFEDDA2ADF}.Release|Any CPU.ActiveCfg = Release|Any CPU
		{2D43BE20-8EF1-4D2E-83CB-68AFEDDA2ADF}.Release|Any CPU.Build.0 = Release|Any CPU
	EndGlobalSection
	GlobalSection(SolutionProperties) = preSolution
		HideSolutionNode = FALSE
	EndGlobalSection
	GlobalSection(ExtensibilityGlobals) = postSolution
		SolutionGuid = {61D075B2-7F65-4ABB-83F0-A9C071310FFD}
	EndGlobalSection
EndGlobal
